// !$*UTF8*$!
{
	archiveVersion = 1;
	classes = {
	};
	objectVersion = 51;
	objects = {

/* Begin PBXBuildFile section */
		01E8903C26AE85327CC6EE95 /* Pods_AppNetworkManagerTests.framework in Frameworks */ = {isa = PBXBuildFile; fileRef = 72188D67EC14E369977712F2 /* Pods_AppNetworkManagerTests.framework */; };
		5136E82723152C1300E517A7 /* NetworkManager.swift in Sources */ = {isa = PBXBuildFile; fileRef = 5136E82623152C1300E517A7 /* NetworkManager.swift */; };
		5136E82923152EA500E517A7 /* AppResponeStatusPlugin.swift in Sources */ = {isa = PBXBuildFile; fileRef = 5136E82823152EA500E517A7 /* AppResponeStatusPlugin.swift */; };
		5136E82B231533D600E517A7 /* AppNetworkActivityPlugin.swift in Sources */ = {isa = PBXBuildFile; fileRef = 5136E82A231533D600E517A7 /* AppNetworkActivityPlugin.swift */; };
		516BA68E23068BF400B78A5D /* AppDelegate.swift in Sources */ = {isa = PBXBuildFile; fileRef = 516BA68D23068BF400B78A5D /* AppDelegate.swift */; };
		516BA69023068BF400B78A5D /* ViewController.swift in Sources */ = {isa = PBXBuildFile; fileRef = 516BA68F23068BF400B78A5D /* ViewController.swift */; };
		516BA69323068BF400B78A5D /* Main.storyboard in Resources */ = {isa = PBXBuildFile; fileRef = 516BA69123068BF400B78A5D /* Main.storyboard */; };
		516BA69523068BF500B78A5D /* Assets.xcassets in Resources */ = {isa = PBXBuildFile; fileRef = 516BA69423068BF500B78A5D /* Assets.xcassets */; };
		516BA69823068BF500B78A5D /* LaunchScreen.storyboard in Resources */ = {isa = PBXBuildFile; fileRef = 516BA69623068BF500B78A5D /* LaunchScreen.storyboard */; };
		516BA6A323068BF500B78A5D /* AppNetworkManagerTests.swift in Sources */ = {isa = PBXBuildFile; fileRef = 516BA6A223068BF500B78A5D /* AppNetworkManagerTests.swift */; };
		516BA6AE23068BF500B78A5D /* AppNetworkManagerUITests.swift in Sources */ = {isa = PBXBuildFile; fileRef = 516BA6AD23068BF500B78A5D /* AppNetworkManagerUITests.swift */; };
		516BA6BD23068C1500B78A5D /* NetworkUtils.swift in Sources */ = {isa = PBXBuildFile; fileRef = 516BA6BC23068C1500B78A5D /* NetworkUtils.swift */; };
		8393591E550EA5DF560CDBF4 /* Pods_AppNetworkManager.framework in Frameworks */ = {isa = PBXBuildFile; fileRef = 87CF5589871BAF675A8A6455 /* Pods_AppNetworkManager.framework */; };
		D9D5BBD2FB306105418D9780 /* Pods_AppNetworkManagerUITests.framework in Frameworks */ = {isa = PBXBuildFile; fileRef = BA90D634826F5E09A0785E19 /* Pods_AppNetworkManagerUITests.framework */; };
/* End PBXBuildFile section */

/* Begin PBXContainerItemProxy section */
		516BA69F23068BF500B78A5D /* PBXContainerItemProxy */ = {
			isa = PBXContainerItemProxy;
			containerPortal = 516BA68223068BF400B78A5D /* Project object */;
			proxyType = 1;
			remoteGlobalIDString = 516BA68923068BF400B78A5D;
			remoteInfo = AppNetworkManager;
		};
		516BA6AA23068BF500B78A5D /* PBXContainerItemProxy */ = {
			isa = PBXContainerItemProxy;
			containerPortal = 516BA68223068BF400B78A5D /* Project object */;
			proxyType = 1;
			remoteGlobalIDString = 516BA68923068BF400B78A5D;
			remoteInfo = AppNetworkManager;
		};
/* End PBXContainerItemProxy section */

/* Begin PBXFileReference section */
		08B139BC997B7D7922676EDB /* Pods-AppNetworkManagerTests.debug.xcconfig */ = {isa = PBXFileReference; includeInIndex = 1; lastKnownFileType = text.xcconfig; name = "Pods-AppNetworkManagerTests.debug.xcconfig"; path = "Target Support Files/Pods-AppNetworkManagerTests/Pods-AppNetworkManagerTests.debug.xcconfig"; sourceTree = "<group>"; };
		5136E82623152C1300E517A7 /* NetworkManager.swift */ = {isa = PBXFileReference; lastKnownFileType = sourcecode.swift; path = NetworkManager.swift; sourceTree = "<group>"; };
		5136E82823152EA500E517A7 /* AppResponeStatusPlugin.swift */ = {isa = PBXFileReference; lastKnownFileType = sourcecode.swift; path = AppResponeStatusPlugin.swift; sourceTree = "<group>"; };
		5136E82A231533D600E517A7 /* AppNetworkActivityPlugin.swift */ = {isa = PBXFileReference; lastKnownFileType = sourcecode.swift; path = AppNetworkActivityPlugin.swift; sourceTree = "<group>"; };
		516BA68A23068BF400B78A5D /* AppNetworkManager.app */ = {isa = PBXFileReference; explicitFileType = wrapper.application; includeInIndex = 0; path = AppNetworkManager.app; sourceTree = BUILT_PRODUCTS_DIR; };
		516BA68D23068BF400B78A5D /* AppDelegate.swift */ = {isa = PBXFileReference; lastKnownFileType = sourcecode.swift; path = AppDelegate.swift; sourceTree = "<group>"; };
		516BA68F23068BF400B78A5D /* ViewController.swift */ = {isa = PBXFileReference; lastKnownFileType = sourcecode.swift; path = ViewController.swift; sourceTree = "<group>"; };
		516BA69223068BF400B78A5D /* Base */ = {isa = PBXFileReference; lastKnownFileType = file.storyboard; name = Base; path = Base.lproj/Main.storyboard; sourceTree = "<group>"; };
		516BA69423068BF500B78A5D /* Assets.xcassets */ = {isa = PBXFileReference; lastKnownFileType = folder.assetcatalog; path = Assets.xcassets; sourceTree = "<group>"; };
		516BA69723068BF500B78A5D /* Base */ = {isa = PBXFileReference; lastKnownFileType = file.storyboard; name = Base; path = Base.lproj/LaunchScreen.storyboard; sourceTree = "<group>"; };
		516BA69923068BF500B78A5D /* Info.plist */ = {isa = PBXFileReference; lastKnownFileType = text.plist.xml; path = Info.plist; sourceTree = "<group>"; };
		516BA69E23068BF500B78A5D /* AppNetworkManagerTests.xctest */ = {isa = PBXFileReference; explicitFileType = wrapper.cfbundle; includeInIndex = 0; path = AppNetworkManagerTests.xctest; sourceTree = BUILT_PRODUCTS_DIR; };
		516BA6A223068BF500B78A5D /* AppNetworkManagerTests.swift */ = {isa = PBXFileReference; lastKnownFileType = sourcecode.swift; path = AppNetworkManagerTests.swift; sourceTree = "<group>"; };
		516BA6A423068BF500B78A5D /* Info.plist */ = {isa = PBXFileReference; lastKnownFileType = text.plist.xml; path = Info.plist; sourceTree = "<group>"; };
		516BA6A923068BF500B78A5D /* AppNetworkManagerUITests.xctest */ = {isa = PBXFileReference; explicitFileType = wrapper.cfbundle; includeInIndex = 0; path = AppNetworkManagerUITests.xctest; sourceTree = BUILT_PRODUCTS_DIR; };
		516BA6AD23068BF500B78A5D /* AppNetworkManagerUITests.swift */ = {isa = PBXFileReference; lastKnownFileType = sourcecode.swift; path = AppNetworkManagerUITests.swift; sourceTree = "<group>"; };
		516BA6AF23068BF500B78A5D /* Info.plist */ = {isa = PBXFileReference; lastKnownFileType = text.plist.xml; path = Info.plist; sourceTree = "<group>"; };
		516BA6BC23068C1500B78A5D /* NetworkUtils.swift */ = {isa = PBXFileReference; lastKnownFileType = sourcecode.swift; path = NetworkUtils.swift; sourceTree = "<group>"; };
		72188D67EC14E369977712F2 /* Pods_AppNetworkManagerTests.framework */ = {isa = PBXFileReference; explicitFileType = wrapper.framework; includeInIndex = 0; path = Pods_AppNetworkManagerTests.framework; sourceTree = BUILT_PRODUCTS_DIR; };
		78BC7AB0C06A9F2E6D488F8D /* Pods-AppNetworkManager.release.xcconfig */ = {isa = PBXFileReference; includeInIndex = 1; lastKnownFileType = text.xcconfig; name = "Pods-AppNetworkManager.release.xcconfig"; path = "Target Support Files/Pods-AppNetworkManager/Pods-AppNetworkManager.release.xcconfig"; sourceTree = "<group>"; };
		87CF5589871BAF675A8A6455 /* Pods_AppNetworkManager.framework */ = {isa = PBXFileReference; explicitFileType = wrapper.framework; includeInIndex = 0; path = Pods_AppNetworkManager.framework; sourceTree = BUILT_PRODUCTS_DIR; };
		A75FC5F77495A7A834FC1BE3 /* Pods-AppNetworkManagerTests.release.xcconfig */ = {isa = PBXFileReference; includeInIndex = 1; lastKnownFileType = text.xcconfig; name = "Pods-AppNetworkManagerTests.release.xcconfig"; path = "Target Support Files/Pods-AppNetworkManagerTests/Pods-AppNetworkManagerTests.release.xcconfig"; sourceTree = "<group>"; };
		B940F87636A669361F108E32 /* Pods-AppNetworkManagerUITests.release.xcconfig */ = {isa = PBXFileReference; includeInIndex = 1; lastKnownFileType = text.xcconfig; name = "Pods-AppNetworkManagerUITests.release.xcconfig"; path = "Target Support Files/Pods-AppNetworkManagerUITests/Pods-AppNetworkManagerUITests.release.xcconfig"; sourceTree = "<group>"; };
		BA90D634826F5E09A0785E19 /* Pods_AppNetworkManagerUITests.framework */ = {isa = PBXFileReference; explicitFileType = wrapper.framework; includeInIndex = 0; path = Pods_AppNetworkManagerUITests.framework; sourceTree = BUILT_PRODUCTS_DIR; };
		C43C7F65404AD0E273262779 /* Pods-AppNetworkManager.debug.xcconfig */ = {isa = PBXFileReference; includeInIndex = 1; lastKnownFileType = text.xcconfig; name = "Pods-AppNetworkManager.debug.xcconfig"; path = "Target Support Files/Pods-AppNetworkManager/Pods-AppNetworkManager.debug.xcconfig"; sourceTree = "<group>"; };
		E2F044CCE4BC1EE30A3D8CA1 /* Pods-AppNetworkManagerUITests.debug.xcconfig */ = {isa = PBXFileReference; includeInIndex = 1; lastKnownFileType = text.xcconfig; name = "Pods-AppNetworkManagerUITests.debug.xcconfig"; path = "Target Support Files/Pods-AppNetworkManagerUITests/Pods-AppNetworkManagerUITests.debug.xcconfig"; sourceTree = "<group>"; };
/* End PBXFileReference section */

/* Begin PBXFrameworksBuildPhase section */
		516BA68723068BF400B78A5D /* Frameworks */ = {
			isa = PBXFrameworksBuildPhase;
			buildActionMask = 2147483647;
			files = (
				8393591E550EA5DF560CDBF4 /* Pods_AppNetworkManager.framework in Frameworks */,
			);
			runOnlyForDeploymentPostprocessing = 0;
		};
		516BA69B23068BF500B78A5D /* Frameworks */ = {
			isa = PBXFrameworksBuildPhase;
			buildActionMask = 2147483647;
			files = (
				01E8903C26AE85327CC6EE95 /* Pods_AppNetworkManagerTests.framework in Frameworks */,
			);
			runOnlyForDeploymentPostprocessing = 0;
		};
		516BA6A623068BF500B78A5D /* Frameworks */ = {
			isa = PBXFrameworksBuildPhase;
			buildActionMask = 2147483647;
			files = (
				D9D5BBD2FB306105418D9780 /* Pods_AppNetworkManagerUITests.framework in Frameworks */,
			);
			runOnlyForDeploymentPostprocessing = 0;
		};
/* End PBXFrameworksBuildPhase section */

/* Begin PBXGroup section */
		419167D5400303532847C71A /* Frameworks */ = {
			isa = PBXGroup;
			children = (
				87CF5589871BAF675A8A6455 /* Pods_AppNetworkManager.framework */,
				72188D67EC14E369977712F2 /* Pods_AppNetworkManagerTests.framework */,
				BA90D634826F5E09A0785E19 /* Pods_AppNetworkManagerUITests.framework */,
			);
			name = Frameworks;
			sourceTree = "<group>";
		};
		516BA68123068BF400B78A5D = {
			isa = PBXGroup;
			children = (
				516BA68C23068BF400B78A5D /* AppNetworkManager */,
				516BA6A123068BF500B78A5D /* AppNetworkManagerTests */,
				516BA6AC23068BF500B78A5D /* AppNetworkManagerUITests */,
				516BA68B23068BF400B78A5D /* Products */,
				5E3BF0B5DDF36425ED79A8CF /* Pods */,
				419167D5400303532847C71A /* Frameworks */,
			);
			sourceTree = "<group>";
		};
		516BA68B23068BF400B78A5D /* Products */ = {
			isa = PBXGroup;
			children = (
				516BA68A23068BF400B78A5D /* AppNetworkManager.app */,
				516BA69E23068BF500B78A5D /* AppNetworkManagerTests.xctest */,
				516BA6A923068BF500B78A5D /* AppNetworkManagerUITests.xctest */,
			);
			name = Products;
			sourceTree = "<group>";
		};
		516BA68C23068BF400B78A5D /* AppNetworkManager */ = {
			isa = PBXGroup;
			children = (
				516BA6BB23068C0100B78A5D /* Classes */,
				516BA68D23068BF400B78A5D /* AppDelegate.swift */,
				516BA68F23068BF400B78A5D /* ViewController.swift */,
				516BA69123068BF400B78A5D /* Main.storyboard */,
				516BA69423068BF500B78A5D /* Assets.xcassets */,
				516BA69623068BF500B78A5D /* LaunchScreen.storyboard */,
				516BA69923068BF500B78A5D /* Info.plist */,
			);
			path = AppNetworkManager;
			sourceTree = "<group>";
		};
		516BA6A123068BF500B78A5D /* AppNetworkManagerTests */ = {
			isa = PBXGroup;
			children = (
				516BA6A223068BF500B78A5D /* AppNetworkManagerTests.swift */,
				516BA6A423068BF500B78A5D /* Info.plist */,
			);
			path = AppNetworkManagerTests;
			sourceTree = "<group>";
		};
		516BA6AC23068BF500B78A5D /* AppNetworkManagerUITests */ = {
			isa = PBXGroup;
			children = (
				516BA6AD23068BF500B78A5D /* AppNetworkManagerUITests.swift */,
				516BA6AF23068BF500B78A5D /* Info.plist */,
			);
			path = AppNetworkManagerUITests;
			sourceTree = "<group>";
		};
		516BA6BB23068C0100B78A5D /* Classes */ = {
			isa = PBXGroup;
			children = (
				516BA6BC23068C1500B78A5D /* NetworkUtils.swift */,
				5136E82623152C1300E517A7 /* NetworkManager.swift */,
				5136E82823152EA500E517A7 /* AppResponeStatusPlugin.swift */,
				5136E82A231533D600E517A7 /* AppNetworkActivityPlugin.swift */,
			);
			path = Classes;
			sourceTree = "<group>";
		};
		5E3BF0B5DDF36425ED79A8CF /* Pods */ = {
			isa = PBXGroup;
			children = (
				C43C7F65404AD0E273262779 /* Pods-AppNetworkManager.debug.xcconfig */,
				78BC7AB0C06A9F2E6D488F8D /* Pods-AppNetworkManager.release.xcconfig */,
				08B139BC997B7D7922676EDB /* Pods-AppNetworkManagerTests.debug.xcconfig */,
				A75FC5F77495A7A834FC1BE3 /* Pods-AppNetworkManagerTests.release.xcconfig */,
				E2F044CCE4BC1EE30A3D8CA1 /* Pods-AppNetworkManagerUITests.debug.xcconfig */,
				B940F87636A669361F108E32 /* Pods-AppNetworkManagerUITests.release.xcconfig */,
			);
			path = Pods;
			sourceTree = "<group>";
		};
/* End PBXGroup section */

/* Begin PBXNativeTarget section */
		516BA68923068BF400B78A5D /* AppNetworkManager */ = {
			isa = PBXNativeTarget;
			buildConfigurationList = 516BA6B223068BF500B78A5D /* Build configuration list for PBXNativeTarget "AppNetworkManager" */;
			buildPhases = (
				1ECD346FF079B41FB7670C87 /* [CP] Check Pods Manifest.lock */,
				516BA68623068BF400B78A5D /* Sources */,
				516BA68723068BF400B78A5D /* Frameworks */,
				516BA68823068BF400B78A5D /* Resources */,
				D38645E2E3E843EA0081243E /* [CP] Embed Pods Frameworks */,
			);
			buildRules = (
			);
			dependencies = (
			);
			name = AppNetworkManager;
			productName = AppNetworkManager;
			productReference = 516BA68A23068BF400B78A5D /* AppNetworkManager.app */;
			productType = "com.apple.product-type.application";
		};
		516BA69D23068BF500B78A5D /* AppNetworkManagerTests */ = {
			isa = PBXNativeTarget;
			buildConfigurationList = 516BA6B523068BF500B78A5D /* Build configuration list for PBXNativeTarget "AppNetworkManagerTests" */;
			buildPhases = (
				5902B0136B5049291347494B /* [CP] Check Pods Manifest.lock */,
				516BA69A23068BF500B78A5D /* Sources */,
				516BA69B23068BF500B78A5D /* Frameworks */,
				516BA69C23068BF500B78A5D /* Resources */,
			);
			buildRules = (
			);
			dependencies = (
				516BA6A023068BF500B78A5D /* PBXTargetDependency */,
			);
			name = AppNetworkManagerTests;
			productName = AppNetworkManagerTests;
			productReference = 516BA69E23068BF500B78A5D /* AppNetworkManagerTests.xctest */;
			productType = "com.apple.product-type.bundle.unit-test";
		};
		516BA6A823068BF500B78A5D /* AppNetworkManagerUITests */ = {
			isa = PBXNativeTarget;
			buildConfigurationList = 516BA6B823068BF500B78A5D /* Build configuration list for PBXNativeTarget "AppNetworkManagerUITests" */;
			buildPhases = (
				79D8426AA0DBE4E07559F68C /* [CP] Check Pods Manifest.lock */,
				516BA6A523068BF500B78A5D /* Sources */,
				516BA6A623068BF500B78A5D /* Frameworks */,
				516BA6A723068BF500B78A5D /* Resources */,
			);
			buildRules = (
			);
			dependencies = (
				516BA6AB23068BF500B78A5D /* PBXTargetDependency */,
			);
			name = AppNetworkManagerUITests;
			productName = AppNetworkManagerUITests;
			productReference = 516BA6A923068BF500B78A5D /* AppNetworkManagerUITests.xctest */;
			productType = "com.apple.product-type.bundle.ui-testing";
		};
/* End PBXNativeTarget section */

/* Begin PBXProject section */
		516BA68223068BF400B78A5D /* Project object */ = {
			isa = PBXProject;
			attributes = {
				LastSwiftUpdateCheck = 1030;
				LastUpgradeCheck = 1030;
				ORGANIZATIONNAME = williamoneilchina;
				TargetAttributes = {
					516BA68923068BF400B78A5D = {
						CreatedOnToolsVersion = 10.3;
					};
					516BA69D23068BF500B78A5D = {
						CreatedOnToolsVersion = 10.3;
						TestTargetID = 516BA68923068BF400B78A5D;
					};
					516BA6A823068BF500B78A5D = {
						CreatedOnToolsVersion = 10.3;
						TestTargetID = 516BA68923068BF400B78A5D;
					};
				};
			};
			buildConfigurationList = 516BA68523068BF400B78A5D /* Build configuration list for PBXProject "AppNetworkManager" */;
			compatibilityVersion = "Xcode 9.3";
			developmentRegion = en;
			hasScannedForEncodings = 0;
			knownRegions = (
				en,
				Base,
			);
			mainGroup = 516BA68123068BF400B78A5D;
			productRefGroup = 516BA68B23068BF400B78A5D /* Products */;
			projectDirPath = "";
			projectRoot = "";
			targets = (
				516BA68923068BF400B78A5D /* AppNetworkManager */,
				516BA69D23068BF500B78A5D /* AppNetworkManagerTests */,
				516BA6A823068BF500B78A5D /* AppNetworkManagerUITests */,
			);
		};
/* End PBXProject section */

/* Begin PBXResourcesBuildPhase section */
		516BA68823068BF400B78A5D /* Resources */ = {
			isa = PBXResourcesBuildPhase;
			buildActionMask = 2147483647;
			files = (
				516BA69823068BF500B78A5D /* LaunchScreen.storyboard in Resources */,
				516BA69523068BF500B78A5D /* Assets.xcassets in Resources */,
				516BA69323068BF400B78A5D /* Main.storyboard in Resources */,
			);
			runOnlyForDeploymentPostprocessing = 0;
		};
		516BA69C23068BF500B78A5D /* Resources */ = {
			isa = PBXResourcesBuildPhase;
			buildActionMask = 2147483647;
			files = (
			);
			runOnlyForDeploymentPostprocessing = 0;
		};
		516BA6A723068BF500B78A5D /* Resources */ = {
			isa = PBXResourcesBuildPhase;
			buildActionMask = 2147483647;
			files = (
			);
			runOnlyForDeploymentPostprocessing = 0;
		};
/* End PBXResourcesBuildPhase section */

/* Begin PBXShellScriptBuildPhase section */
		1ECD346FF079B41FB7670C87 /* [CP] Check Pods Manifest.lock */ = {
			isa = PBXShellScriptBuildPhase;
			buildActionMask = 2147483647;
			files = (
			);
			inputFileListPaths = (
			);
			inputPaths = (
				"${PODS_PODFILE_DIR_PATH}/Podfile.lock",
				"${PODS_ROOT}/Manifest.lock",
			);
			name = "[CP] Check Pods Manifest.lock";
			outputFileListPaths = (
			);
			outputPaths = (
				"$(DERIVED_FILE_DIR)/Pods-AppNetworkManager-checkManifestLockResult.txt",
			);
			runOnlyForDeploymentPostprocessing = 0;
			shellPath = /bin/sh;
			shellScript = "diff \"${PODS_PODFILE_DIR_PATH}/Podfile.lock\" \"${PODS_ROOT}/Manifest.lock\" > /dev/null\nif [ $? != 0 ] ; then\n    # print error to STDERR\n    echo \"error: The sandbox is not in sync with the Podfile.lock. Run 'pod install' or update your CocoaPods installation.\" >&2\n    exit 1\nfi\n# This output is used by Xcode 'outputs' to avoid re-running this script phase.\necho \"SUCCESS\" > \"${SCRIPT_OUTPUT_FILE_0}\"\n";
			showEnvVarsInLog = 0;
		};
		5902B0136B5049291347494B /* [CP] Check Pods Manifest.lock */ = {
			isa = PBXShellScriptBuildPhase;
			buildActionMask = 2147483647;
			files = (
			);
			inputFileListPaths = (
			);
			inputPaths = (
				"${PODS_PODFILE_DIR_PATH}/Podfile.lock",
				"${PODS_ROOT}/Manifest.lock",
			);
			name = "[CP] Check Pods Manifest.lock";
			outputFileListPaths = (
			);
			outputPaths = (
				"$(DERIVED_FILE_DIR)/Pods-AppNetworkManagerTests-checkManifestLockResult.txt",
			);
			runOnlyForDeploymentPostprocessing = 0;
			shellPath = /bin/sh;
			shellScript = "diff \"${PODS_PODFILE_DIR_PATH}/Podfile.lock\" \"${PODS_ROOT}/Manifest.lock\" > /dev/null\nif [ $? != 0 ] ; then\n    # print error to STDERR\n    echo \"error: The sandbox is not in sync with the Podfile.lock. Run 'pod install' or update your CocoaPods installation.\" >&2\n    exit 1\nfi\n# This output is used by Xcode 'outputs' to avoid re-running this script phase.\necho \"SUCCESS\" > \"${SCRIPT_OUTPUT_FILE_0}\"\n";
			showEnvVarsInLog = 0;
		};
		79D8426AA0DBE4E07559F68C /* [CP] Check Pods Manifest.lock */ = {
			isa = PBXShellScriptBuildPhase;
			buildActionMask = 2147483647;
			files = (
			);
			inputFileListPaths = (
			);
			inputPaths = (
				"${PODS_PODFILE_DIR_PATH}/Podfile.lock",
				"${PODS_ROOT}/Manifest.lock",
			);
			name = "[CP] Check Pods Manifest.lock";
			outputFileListPaths = (
			);
			outputPaths = (
				"$(DERIVED_FILE_DIR)/Pods-AppNetworkManagerUITests-checkManifestLockResult.txt",
			);
			runOnlyForDeploymentPostprocessing = 0;
			shellPath = /bin/sh;
			shellScript = "diff \"${PODS_PODFILE_DIR_PATH}/Podfile.lock\" \"${PODS_ROOT}/Manifest.lock\" > /dev/null\nif [ $? != 0 ] ; then\n    # print error to STDERR\n    echo \"error: The sandbox is not in sync with the Podfile.lock. Run 'pod install' or update your CocoaPods installation.\" >&2\n    exit 1\nfi\n# This output is used by Xcode 'outputs' to avoid re-running this script phase.\necho \"SUCCESS\" > \"${SCRIPT_OUTPUT_FILE_0}\"\n";
			showEnvVarsInLog = 0;
		};
		D38645E2E3E843EA0081243E /* [CP] Embed Pods Frameworks */ = {
			isa = PBXShellScriptBuildPhase;
			buildActionMask = 2147483647;
			files = (
			);
			inputFileListPaths = (
				"${PODS_ROOT}/Target Support Files/Pods-AppNetworkManager/Pods-AppNetworkManager-frameworks-${CONFIGURATION}-input-files.xcfilelist",
			);
			name = "[CP] Embed Pods Frameworks";
			outputFileListPaths = (
				"${PODS_ROOT}/Target Support Files/Pods-AppNetworkManager/Pods-AppNetworkManager-frameworks-${CONFIGURATION}-output-files.xcfilelist",
			);
			runOnlyForDeploymentPostprocessing = 0;
			shellPath = /bin/sh;
			shellScript = "\"${PODS_ROOT}/Target Support Files/Pods-AppNetworkManager/Pods-AppNetworkManager-frameworks.sh\"\n";
			showEnvVarsInLog = 0;
		};
/* End PBXShellScriptBuildPhase section */

/* Begin PBXSourcesBuildPhase section */
		516BA68623068BF400B78A5D /* Sources */ = {
			isa = PBXSourcesBuildPhase;
			buildActionMask = 2147483647;
			files = (
				5136E82723152C1300E517A7 /* NetworkManager.swift in Sources */,
				516BA69023068BF400B78A5D /* ViewController.swift in Sources */,
				516BA6BD23068C1500B78A5D /* NetworkUtils.swift in Sources */,
				516BA68E23068BF400B78A5D /* AppDelegate.swift in Sources */,
				5136E82B231533D600E517A7 /* AppNetworkActivityPlugin.swift in Sources */,
				5136E82923152EA500E517A7 /* AppResponeStatusPlugin.swift in Sources */,
			);
			runOnlyForDeploymentPostprocessing = 0;
		};
		516BA69A23068BF500B78A5D /* Sources */ = {
			isa = PBXSourcesBuildPhase;
			buildActionMask = 2147483647;
			files = (
				516BA6A323068BF500B78A5D /* AppNetworkManagerTests.swift in Sources */,
			);
			runOnlyForDeploymentPostprocessing = 0;
		};
		516BA6A523068BF500B78A5D /* Sources */ = {
			isa = PBXSourcesBuildPhase;
			buildActionMask = 2147483647;
			files = (
				516BA6AE23068BF500B78A5D /* AppNetworkManagerUITests.swift in Sources */,
			);
			runOnlyForDeploymentPostprocessing = 0;
		};
/* End PBXSourcesBuildPhase section */

/* Begin PBXTargetDependency section */
		516BA6A023068BF500B78A5D /* PBXTargetDependency */ = {
			isa = PBXTargetDependency;
			target = 516BA68923068BF400B78A5D /* AppNetworkManager */;
			targetProxy = 516BA69F23068BF500B78A5D /* PBXContainerItemProxy */;
		};
		516BA6AB23068BF500B78A5D /* PBXTargetDependency */ = {
			isa = PBXTargetDependency;
			target = 516BA68923068BF400B78A5D /* AppNetworkManager */;
			targetProxy = 516BA6AA23068BF500B78A5D /* PBXContainerItemProxy */;
		};
/* End PBXTargetDependency section */

/* Begin PBXVariantGroup section */
		516BA69123068BF400B78A5D /* Main.storyboard */ = {
			isa = PBXVariantGroup;
			children = (
				516BA69223068BF400B78A5D /* Base */,
			);
			name = Main.storyboard;
			sourceTree = "<group>";
		};
		516BA69623068BF500B78A5D /* LaunchScreen.storyboard */ = {
			isa = PBXVariantGroup;
			children = (
				516BA69723068BF500B78A5D /* Base */,
			);
			name = LaunchScreen.storyboard;
			sourceTree = "<group>";
		};
/* End PBXVariantGroup section */

/* Begin XCBuildConfiguration section */
		516BA6B023068BF500B78A5D /* Debug */ = {
			isa = XCBuildConfiguration;
			buildSettings = {
				ALWAYS_SEARCH_USER_PATHS = NO;
				CLANG_ANALYZER_NONNULL = YES;
				CLANG_ANALYZER_NUMBER_OBJECT_CONVERSION = YES_AGGRESSIVE;
				CLANG_CXX_LANGUAGE_STANDARD = "gnu++14";
				CLANG_CXX_LIBRARY = "libc++";
				CLANG_ENABLE_MODULES = YES;
				CLANG_ENABLE_OBJC_ARC = YES;
				CLANG_ENABLE_OBJC_WEAK = YES;
				CLANG_WARN_BLOCK_CAPTURE_AUTORELEASING = YES;
				CLANG_WARN_BOOL_CONVERSION = YES;
				CLANG_WARN_COMMA = YES;
				CLANG_WARN_CONSTANT_CONVERSION = YES;
				CLANG_WARN_DEPRECATED_OBJC_IMPLEMENTATIONS = YES;
				CLANG_WARN_DIRECT_OBJC_ISA_USAGE = YES_ERROR;
				CLANG_WARN_DOCUMENTATION_COMMENTS = YES;
				CLANG_WARN_EMPTY_BODY = YES;
				CLANG_WARN_ENUM_CONVERSION = YES;
				CLANG_WARN_INFINITE_RECURSION = YES;
				CLANG_WARN_INT_CONVERSION = YES;
				CLANG_WARN_NON_LITERAL_NULL_CONVERSION = YES;
				CLANG_WARN_OBJC_IMPLICIT_RETAIN_SELF = YES;
				CLANG_WARN_OBJC_LITERAL_CONVERSION = YES;
				CLANG_WARN_OBJC_ROOT_CLASS = YES_ERROR;
				CLANG_WARN_RANGE_LOOP_ANALYSIS = YES;
				CLANG_WARN_STRICT_PROTOTYPES = YES;
				CLANG_WARN_SUSPICIOUS_MOVE = YES;
				CLANG_WARN_UNGUARDED_AVAILABILITY = YES_AGGRESSIVE;
				CLANG_WARN_UNREACHABLE_CODE = YES;
				CLANG_WARN__DUPLICATE_METHOD_MATCH = YES;
				CODE_SIGN_IDENTITY = "iPhone Developer";
				COPY_PHASE_STRIP = NO;
				DEBUG_INFORMATION_FORMAT = dwarf;
				ENABLE_STRICT_OBJC_MSGSEND = YES;
				ENABLE_TESTABILITY = YES;
				GCC_C_LANGUAGE_STANDARD = gnu11;
				GCC_DYNAMIC_NO_PIC = NO;
				GCC_NO_COMMON_BLOCKS = YES;
				GCC_OPTIMIZATION_LEVEL = 0;
				GCC_PREPROCESSOR_DEFINITIONS = (
					"DEBUG=1",
					"$(inherited)",
				);
				GCC_WARN_64_TO_32_BIT_CONVERSION = YES;
				GCC_WARN_ABOUT_RETURN_TYPE = YES_ERROR;
				GCC_WARN_UNDECLARED_SELECTOR = YES;
				GCC_WARN_UNINITIALIZED_AUTOS = YES_AGGRESSIVE;
				GCC_WARN_UNUSED_FUNCTION = YES;
				GCC_WARN_UNUSED_VARIABLE = YES;
				IPHONEOS_DEPLOYMENT_TARGET = 12.4;
				MTL_ENABLE_DEBUG_INFO = INCLUDE_SOURCE;
				MTL_FAST_MATH = YES;
				ONLY_ACTIVE_ARCH = YES;
				SDKROOT = iphoneos;
				SWIFT_ACTIVE_COMPILATION_CONDITIONS = DEBUG;
				SWIFT_OPTIMIZATION_LEVEL = "-Onone";
			};
			name = Debug;
		};
		516BA6B123068BF500B78A5D /* Release */ = {
			isa = XCBuildConfiguration;
			buildSettings = {
				ALWAYS_SEARCH_USER_PATHS = NO;
				CLANG_ANALYZER_NONNULL = YES;
				CLANG_ANALYZER_NUMBER_OBJECT_CONVERSION = YES_AGGRESSIVE;
				CLANG_CXX_LANGUAGE_STANDARD = "gnu++14";
				CLANG_CXX_LIBRARY = "libc++";
				CLANG_ENABLE_MODULES = YES;
				CLANG_ENABLE_OBJC_ARC = YES;
				CLANG_ENABLE_OBJC_WEAK = YES;
				CLANG_WARN_BLOCK_CAPTURE_AUTORELEASING = YES;
				CLANG_WARN_BOOL_CONVERSION = YES;
				CLANG_WARN_COMMA = YES;
				CLANG_WARN_CONSTANT_CONVERSION = YES;
				CLANG_WARN_DEPRECATED_OBJC_IMPLEMENTATIONS = YES;
				CLANG_WARN_DIRECT_OBJC_ISA_USAGE = YES_ERROR;
				CLANG_WARN_DOCUMENTATION_COMMENTS = YES;
				CLANG_WARN_EMPTY_BODY = YES;
				CLANG_WARN_ENUM_CONVERSION = YES;
				CLANG_WARN_INFINITE_RECURSION = YES;
				CLANG_WARN_INT_CONVERSION = YES;
				CLANG_WARN_NON_LITERAL_NULL_CONVERSION = YES;
				CLANG_WARN_OBJC_IMPLICIT_RETAIN_SELF = YES;
				CLANG_WARN_OBJC_LITERAL_CONVERSION = YES;
				CLANG_WARN_OBJC_ROOT_CLASS = YES_ERROR;
				CLANG_WARN_RANGE_LOOP_ANALYSIS = YES;
				CLANG_WARN_STRICT_PROTOTYPES = YES;
				CLANG_WARN_SUSPICIOUS_MOVE = YES;
				CLANG_WARN_UNGUARDED_AVAILABILITY = YES_AGGRESSIVE;
				CLANG_WARN_UNREACHABLE_CODE = YES;
				CLANG_WARN__DUPLICATE_METHOD_MATCH = YES;
				CODE_SIGN_IDENTITY = "iPhone Developer";
				COPY_PHASE_STRIP = NO;
				DEBUG_INFORMATION_FORMAT = "dwarf-with-dsym";
				ENABLE_NS_ASSERTIONS = NO;
				ENABLE_STRICT_OBJC_MSGSEND = YES;
				GCC_C_LANGUAGE_STANDARD = gnu11;
				GCC_NO_COMMON_BLOCKS = YES;
				GCC_WARN_64_TO_32_BIT_CONVERSION = YES;
				GCC_WARN_ABOUT_RETURN_TYPE = YES_ERROR;
				GCC_WARN_UNDECLARED_SELECTOR = YES;
				GCC_WARN_UNINITIALIZED_AUTOS = YES_AGGRESSIVE;
				GCC_WARN_UNUSED_FUNCTION = YES;
				GCC_WARN_UNUSED_VARIABLE = YES;
				IPHONEOS_DEPLOYMENT_TARGET = 12.4;
				MTL_ENABLE_DEBUG_INFO = NO;
				MTL_FAST_MATH = YES;
				SDKROOT = iphoneos;
				SWIFT_COMPILATION_MODE = wholemodule;
				SWIFT_OPTIMIZATION_LEVEL = "-O";
				VALIDATE_PRODUCT = YES;
			};
			name = Release;
		};
		516BA6B323068BF500B78A5D /* Debug */ = {
			isa = XCBuildConfiguration;
			baseConfigurationReference = C43C7F65404AD0E273262779 /* Pods-AppNetworkManager.debug.xcconfig */;
			buildSettings = {
				ASSETCATALOG_COMPILER_APPICON_NAME = AppIcon;
				CODE_SIGN_STYLE = Automatic;
				INFOPLIST_FILE = AppNetworkManager/Info.plist;
				LD_RUNPATH_SEARCH_PATHS = (
					"$(inherited)",
					"@executable_path/Frameworks",
				);
				PRODUCT_BUNDLE_IDENTIFIER = williamoneichina.AppNetworkManager;
				PRODUCT_NAME = "$(TARGET_NAME)";
				SWIFT_VERSION = 5.0;
				TARGETED_DEVICE_FAMILY = "1,2";
			};
			name = Debug;
		};
		516BA6B423068BF500B78A5D /* Release */ = {
			isa = XCBuildConfiguration;
			baseConfigurationReference = 78BC7AB0C06A9F2E6D488F8D /* Pods-AppNetworkManager.release.xcconfig */;
			buildSettings = {
				ASSETCATALOG_COMPILER_APPICON_NAME = AppIcon;
				CODE_SIGN_STYLE = Automatic;
				INFOPLIST_FILE = AppNetworkManager/Info.plist;
				LD_RUNPATH_SEARCH_PATHS = (
					"$(inherited)",
					"@executable_path/Frameworks",
				);
				PRODUCT_BUNDLE_IDENTIFIER = williamoneichina.AppNetworkManager;
				PRODUCT_NAME = "$(TARGET_NAME)";
				SWIFT_VERSION = 5.0;
				TARGETED_DEVICE_FAMILY = "1,2";
			};
			name = Release;
		};
		516BA6B623068BF500B78A5D /* Debug */ = {
			isa = XCBuildConfiguration;
			baseConfigurationReference = 08B139BC997B7D7922676EDB /* Pods-AppNetworkManagerTests.debug.xcconfig */;
			buildSettings = {
				ALWAYS_EMBED_SWIFT_STANDARD_LIBRARIES = YES;
				BUNDLE_LOADER = "$(TEST_HOST)";
				CODE_SIGN_STYLE = Automatic;
				INFOPLIST_FILE = AppNetworkManagerTests/Info.plist;
				LD_RUNPATH_SEARCH_PATHS = (
					"$(inherited)",
					"@executable_path/Frameworks",
					"@loader_path/Frameworks",
				);
				PRODUCT_BUNDLE_IDENTIFIER = williamoneichina.AppNetworkManagerTests;
				PRODUCT_NAME = "$(TARGET_NAME)";
				SWIFT_VERSION = 5.0;
				TARGETED_DEVICE_FAMILY = "1,2";
				TEST_HOST = "$(BUILT_PRODUCTS_DIR)/AppNetworkManager.app/AppNetworkManager";
			};
			name = Debug;
		};
		516BA6B723068BF500B78A5D /* Release */ = {
			isa = XCBuildConfiguration;
			baseConfigurationReference = A75FC5F77495A7A834FC1BE3 /* Pods-AppNetworkManagerTests.release.xcconfig */;
			buildSettings = {
				ALWAYS_EMBED_SWIFT_STANDARD_LIBRARIES = YES;
				BUNDLE_LOADER = "$(TEST_HOST)";
				CODE_SIGN_STYLE = Automatic;
				INFOPLIST_FILE = AppNetworkManagerTests/Info.plist;
				LD_RUNPATH_SEARCH_PATHS = (
					"$(inherited)",
					"@executable_path/Frameworks",
					"@loader_path/Frameworks",
				);
				PRODUCT_BUNDLE_IDENTIFIER = williamoneichina.AppNetworkManagerTests;
				PRODUCT_NAME = "$(TARGET_NAME)";
				SWIFT_VERSION = 5.0;
				TARGETED_DEVICE_FAMILY = "1,2";
				TEST_HOST = "$(BUILT_PRODUCTS_DIR)/AppNetworkManager.app/AppNetworkManager";
			};
			name = Release;
		};
		516BA6B923068BF500B78A5D /* Debug */ = {
			isa = XCBuildConfiguration;
			baseConfigurationReference = E2F044CCE4BC1EE30A3D8CA1 /* Pods-AppNetworkManagerUITests.debug.xcconfig */;
			buildSettings = {
				ALWAYS_EMBED_SWIFT_STANDARD_LIBRARIES = YES;
				CODE_SIGN_STYLE = Automatic;
				INFOPLIST_FILE = AppNetworkManagerUITests/Info.plist;
				LD_RUNPATH_SEARCH_PATHS = (
					"$(inherited)",
					"@executable_path/Frameworks",
					"@loader_path/Frameworks",
				);
				PRODUCT_BUNDLE_IDENTIFIER = williamoneichina.AppNetworkManagerUITests;
				PRODUCT_NAME = "$(TARGET_NAME)";
				SWIFT_VERSION = 5.0;
				TARGETED_DEVICE_FAMILY = "1,2";
				TEST_TARGET_NAME = AppNetworkManager;
			};
			name = Debug;
		};
		516BA6BA23068BF500B78A5D /* Release */ = {
			isa = XCBuildConfiguration;
			baseConfigurationReference = B940F87636A669361F108E32 /* Pods-AppNetworkManagerUITests.release.xcconfig */;
			buildSettings = {
				ALWAYS_EMBED_SWIFT_STANDARD_LIBRARIES = YES;
				CODE_SIGN_STYLE = Automatic;
				INFOPLIST_FILE = AppNetworkManagerUITests/Info.plist;
				LD_RUNPATH_SEARCH_PATHS = (
					"$(inherited)",
					"@executable_path/Frameworks",
					"@loader_path/Frameworks",
				);
				PRODUCT_BUNDLE_IDENTIFIER = williamoneichina.AppNetworkManagerUITests;
				PRODUCT_NAME = "$(TARGET_NAME)";
				SWIFT_VERSION = 5.0;
				TARGETED_DEVICE_FAMILY = "1,2";
				TEST_TARGET_NAME = AppNetworkManager;
			};
			name = Release;
		};
/* End XCBuildConfiguration section */

/* Begin XCConfigurationList section */
		516BA68523068BF400B78A5D /* Build configuration list for PBXProject "AppNetworkManager" */ = {
			isa = XCConfigurationList;
			buildConfigurations = (
				516BA6B023068BF500B78A5D /* Debug */,
				516BA6B123068BF500B78A5D /* Release */,
			);
			defaultConfigurationIsVisible = 0;
			defaultConfigurationName = Release;
		};
		516BA6B223068BF500B78A5D /* Build configuration list for PBXNativeTarget "AppNetworkManager" */ = {
			isa = XCConfigurationList;
			buildConfigurations = (
				516BA6B323068BF500B78A5D /* Debug */,
				516BA6B423068BF500B78A5D /* Release */,
			);
			defaultConfigurationIsVisible = 0;
			defaultConfigurationName = Release;
		};
		516BA6B523068BF500B78A5D /* Build configuration list for PBXNativeTarget "AppNetworkManagerTests" */ = {
			isa = XCConfigurationList;
			buildConfigurations = (
				516BA6B623068BF500B78A5D /* Debug */,
				516BA6B723068BF500B78A5D /* Release */,
			);
			defaultConfigurationIsVisible = 0;
			defaultConfigurationName = Release;
		};
		516BA6B823068BF500B78A5D /* Build configuration list for PBXNativeTarget "AppNetworkManagerUITests" */ = {
			isa = XCConfigurationList;
			buildConfigurations = (
				516BA6B923068BF500B78A5D /* Debug */,
				516BA6BA23068BF500B78A5D /* Release */,
			);
			defaultConfigurationIsVisible = 0;
			defaultConfigurationName = Release;
		};
/* End XCConfigurationList section */
	};
	rootObject = 516BA68223068BF400B78A5D /* Project object */;
}
